// !$*UTF8*$!
{
	archiveVersion = 1;
	classes = {
	};
	objectVersion = 50;
	objects = {

/* Begin PBXBuildFile section */
		2E5CB0D02507CE5A0041F34A /* MasterViewModel.swift in Sources */ = {isa = PBXBuildFile; fileRef = 2E5CB0CF2507CE5A0041F34A /* MasterViewModel.swift */; };
		2E5CB0D42507D2EC0041F34A /* ArticleViewModel.swift in Sources */ = {isa = PBXBuildFile; fileRef = 2E5CB0D32507D2EC0041F34A /* ArticleViewModel.swift */; };
		2E5CB0D62507D85D0041F34A /* RestAPIService.swift in Sources */ = {isa = PBXBuildFile; fileRef = 2E5CB0D52507D85D0041F34A /* RestAPIService.swift */; };
		2E91D89C250679310046F4A6 /* AppDelegate.swift in Sources */ = {isa = PBXBuildFile; fileRef = 2E91D89B250679310046F4A6 /* AppDelegate.swift */; };
		2E91D89E250679310046F4A6 /* SceneDelegate.swift in Sources */ = {isa = PBXBuildFile; fileRef = 2E91D89D250679310046F4A6 /* SceneDelegate.swift */; };
		2E91D8A3250679310046F4A6 /* Main.storyboard in Resources */ = {isa = PBXBuildFile; fileRef = 2E91D8A1250679310046F4A6 /* Main.storyboard */; };
		2E91D8A5250679320046F4A6 /* Assets.xcassets in Resources */ = {isa = PBXBuildFile; fileRef = 2E91D8A4250679320046F4A6 /* Assets.xcassets */; };
		2E91D8A8250679320046F4A6 /* LaunchScreen.storyboard in Resources */ = {isa = PBXBuildFile; fileRef = 2E91D8A6250679320046F4A6 /* LaunchScreen.storyboard */; };
		2E91D8B3250679330046F4A6 /* DemoVSeeTests.swift in Sources */ = {isa = PBXBuildFile; fileRef = 2E91D8B2250679330046F4A6 /* DemoVSeeTests.swift */; };
		2E91D8BE250679330046F4A6 /* DemoVSeeUITests.swift in Sources */ = {isa = PBXBuildFile; fileRef = 2E91D8BD250679330046F4A6 /* DemoVSeeUITests.swift */; };
		2E91D8CD25067A7B0046F4A6 /* MasterViewController.swift in Sources */ = {isa = PBXBuildFile; fileRef = 2E91D8CB25067A7B0046F4A6 /* MasterViewController.swift */; };
		2E91D8D125067A930046F4A6 /* DetailViewController.swift in Sources */ = {isa = PBXBuildFile; fileRef = 2E91D8CF25067A930046F4A6 /* DetailViewController.swift */; };
		2E91D8D425067F550046F4A6 /* NewsTableViewCell.swift in Sources */ = {isa = PBXBuildFile; fileRef = 2E91D8D325067F550046F4A6 /* NewsTableViewCell.swift */; };
		2E91D8D8250682180046F4A6 /* NewsResponseModel.swift in Sources */ = {isa = PBXBuildFile; fileRef = 2E91D8D7250682180046F4A6 /* NewsResponseModel.swift */; };
		2E91D8DA250682650046F4A6 /* Article.swift in Sources */ = {isa = PBXBuildFile; fileRef = 2E91D8D9250682650046F4A6 /* Article.swift */; };
		2E91D8DC2506829E0046F4A6 /* Source.swift in Sources */ = {isa = PBXBuildFile; fileRef = 2E91D8DB2506829E0046F4A6 /* Source.swift */; };
		2E91D8DE250682D20046F4A6 /* JSONSchemaSupport.swift in Sources */ = {isa = PBXBuildFile; fileRef = 2E91D8DD250682D20046F4A6 /* JSONSchemaSupport.swift */; };
		2E9C0E112506895F0076AAD9 /* UIImage+Extension.swift in Sources */ = {isa = PBXBuildFile; fileRef = 2E9C0E102506895F0076AAD9 /* UIImage+Extension.swift */; };
		2E9C0E132506F92A0076AAD9 /* MasterDetailViewController.swift in Sources */ = {isa = PBXBuildFile; fileRef = 2E9C0E122506F92A0076AAD9 /* MasterDetailViewController.swift */; };
		2EC51BC32507602700AE4345 /* UIViewController+Extension.swift in Sources */ = {isa = PBXBuildFile; fileRef = 2EC51BC22507602700AE4345 /* UIViewController+Extension.swift */; };
		2EC51BC725077EF200AE4345 /* Storage.swift in Sources */ = {isa = PBXBuildFile; fileRef = 2EC51BC625077EF200AE4345 /* Storage.swift */; };
		2EC51BC9250784A800AE4345 /* Reachability.swift in Sources */ = {isa = PBXBuildFile; fileRef = 2EC51BC8250784A800AE4345 /* Reachability.swift */; };
/* End PBXBuildFile section */

/* Begin PBXContainerItemProxy section */
		2E91D8AF250679330046F4A6 /* PBXContainerItemProxy */ = {
			isa = PBXContainerItemProxy;
			containerPortal = 2E91D890250679310046F4A6 /* Project object */;
			proxyType = 1;
			remoteGlobalIDString = 2E91D897250679310046F4A6;
			remoteInfo = DemoVSee;
		};
		2E91D8BA250679330046F4A6 /* PBXContainerItemProxy */ = {
			isa = PBXContainerItemProxy;
			containerPortal = 2E91D890250679310046F4A6 /* Project object */;
			proxyType = 1;
			remoteGlobalIDString = 2E91D897250679310046F4A6;
			remoteInfo = DemoVSee;
		};
/* End PBXContainerItemProxy section */

/* Begin PBXFileReference section */
		2E5CB0CF2507CE5A0041F34A /* MasterViewModel.swift */ = {isa = PBXFileReference; lastKnownFileType = sourcecode.swift; path = MasterViewModel.swift; sourceTree = "<group>"; };
		2E5CB0D32507D2EC0041F34A /* ArticleViewModel.swift */ = {isa = PBXFileReference; lastKnownFileType = sourcecode.swift; path = ArticleViewModel.swift; sourceTree = "<group>"; };
		2E5CB0D52507D85D0041F34A /* RestAPIService.swift */ = {isa = PBXFileReference; lastKnownFileType = sourcecode.swift; path = RestAPIService.swift; sourceTree = "<group>"; };
		2E91D898250679310046F4A6 /* DemoVSee.app */ = {isa = PBXFileReference; explicitFileType = wrapper.application; includeInIndex = 0; path = DemoVSee.app; sourceTree = BUILT_PRODUCTS_DIR; };
		2E91D89B250679310046F4A6 /* AppDelegate.swift */ = {isa = PBXFileReference; lastKnownFileType = sourcecode.swift; path = AppDelegate.swift; sourceTree = "<group>"; };
		2E91D89D250679310046F4A6 /* SceneDelegate.swift */ = {isa = PBXFileReference; lastKnownFileType = sourcecode.swift; path = SceneDelegate.swift; sourceTree = "<group>"; };
		2E91D8A2250679310046F4A6 /* Base */ = {isa = PBXFileReference; lastKnownFileType = file.storyboard; name = Base; path = Base.lproj/Main.storyboard; sourceTree = "<group>"; };
		2E91D8A4250679320046F4A6 /* Assets.xcassets */ = {isa = PBXFileReference; lastKnownFileType = folder.assetcatalog; path = Assets.xcassets; sourceTree = "<group>"; };
		2E91D8A7250679320046F4A6 /* Base */ = {isa = PBXFileReference; lastKnownFileType = file.storyboard; name = Base; path = Base.lproj/LaunchScreen.storyboard; sourceTree = "<group>"; };
		2E91D8A9250679320046F4A6 /* Info.plist */ = {isa = PBXFileReference; lastKnownFileType = text.plist.xml; path = Info.plist; sourceTree = "<group>"; };
		2E91D8AE250679330046F4A6 /* DemoVSeeTests.xctest */ = {isa = PBXFileReference; explicitFileType = wrapper.cfbundle; includeInIndex = 0; path = DemoVSeeTests.xctest; sourceTree = BUILT_PRODUCTS_DIR; };
		2E91D8B2250679330046F4A6 /* DemoVSeeTests.swift */ = {isa = PBXFileReference; lastKnownFileType = sourcecode.swift; path = DemoVSeeTests.swift; sourceTree = "<group>"; };
		2E91D8B4250679330046F4A6 /* Info.plist */ = {isa = PBXFileReference; lastKnownFileType = text.plist.xml; path = Info.plist; sourceTree = "<group>"; };
		2E91D8B9250679330046F4A6 /* DemoVSeeUITests.xctest */ = {isa = PBXFileReference; explicitFileType = wrapper.cfbundle; includeInIndex = 0; path = DemoVSeeUITests.xctest; sourceTree = BUILT_PRODUCTS_DIR; };
		2E91D8BD250679330046F4A6 /* DemoVSeeUITests.swift */ = {isa = PBXFileReference; lastKnownFileType = sourcecode.swift; path = DemoVSeeUITests.swift; sourceTree = "<group>"; };
		2E91D8BF250679330046F4A6 /* Info.plist */ = {isa = PBXFileReference; lastKnownFileType = text.plist.xml; path = Info.plist; sourceTree = "<group>"; };
		2E91D8CB25067A7B0046F4A6 /* MasterViewController.swift */ = {isa = PBXFileReference; lastKnownFileType = sourcecode.swift; path = MasterViewController.swift; sourceTree = "<group>"; };
		2E91D8CF25067A930046F4A6 /* DetailViewController.swift */ = {isa = PBXFileReference; lastKnownFileType = sourcecode.swift; path = DetailViewController.swift; sourceTree = "<group>"; };
		2E91D8D325067F550046F4A6 /* NewsTableViewCell.swift */ = {isa = PBXFileReference; lastKnownFileType = sourcecode.swift; name = NewsTableViewCell.swift; path = ../NewsTableViewCell.swift; sourceTree = "<group>"; };
		2E91D8D7250682180046F4A6 /* NewsResponseModel.swift */ = {isa = PBXFileReference; lastKnownFileType = sourcecode.swift; path = NewsResponseModel.swift; sourceTree = "<group>"; };
		2E91D8D9250682650046F4A6 /* Article.swift */ = {isa = PBXFileReference; lastKnownFileType = sourcecode.swift; path = Article.swift; sourceTree = "<group>"; };
		2E91D8DB2506829E0046F4A6 /* Source.swift */ = {isa = PBXFileReference; lastKnownFileType = sourcecode.swift; path = Source.swift; sourceTree = "<group>"; };
		2E91D8DD250682D20046F4A6 /* JSONSchemaSupport.swift */ = {isa = PBXFileReference; lastKnownFileType = sourcecode.swift; path = JSONSchemaSupport.swift; sourceTree = "<group>"; };
		2E9C0E102506895F0076AAD9 /* UIImage+Extension.swift */ = {isa = PBXFileReference; lastKnownFileType = sourcecode.swift; path = "UIImage+Extension.swift"; sourceTree = "<group>"; };
		2E9C0E122506F92A0076AAD9 /* MasterDetailViewController.swift */ = {isa = PBXFileReference; lastKnownFileType = sourcecode.swift; path = MasterDetailViewController.swift; sourceTree = "<group>"; };
		2EC51BC22507602700AE4345 /* UIViewController+Extension.swift */ = {isa = PBXFileReference; lastKnownFileType = sourcecode.swift; path = "UIViewController+Extension.swift"; sourceTree = "<group>"; };
		2EC51BC625077EF200AE4345 /* Storage.swift */ = {isa = PBXFileReference; lastKnownFileType = sourcecode.swift; path = Storage.swift; sourceTree = "<group>"; };
		2EC51BC8250784A800AE4345 /* Reachability.swift */ = {isa = PBXFileReference; lastKnownFileType = sourcecode.swift; path = Reachability.swift; sourceTree = "<group>"; };
/* End PBXFileReference section */

/* Begin PBXFrameworksBuildPhase section */
		2E91D895250679310046F4A6 /* Frameworks */ = {
			isa = PBXFrameworksBuildPhase;
			buildActionMask = 2147483647;
			files = (
			);
			runOnlyForDeploymentPostprocessing = 0;
		};
		2E91D8AB250679330046F4A6 /* Frameworks */ = {
			isa = PBXFrameworksBuildPhase;
			buildActionMask = 2147483647;
			files = (
			);
			runOnlyForDeploymentPostprocessing = 0;
		};
		2E91D8B6250679330046F4A6 /* Frameworks */ = {
			isa = PBXFrameworksBuildPhase;
			buildActionMask = 2147483647;
			files = (
			);
			runOnlyForDeploymentPostprocessing = 0;
		};
/* End PBXFrameworksBuildPhase section */

/* Begin PBXGroup section */
		2E91D88F250679310046F4A6 = {
			isa = PBXGroup;
			children = (
				2E91D89A250679310046F4A6 /* DemoVSee */,
				2E91D8B1250679330046F4A6 /* DemoVSeeTests */,
				2E91D8BC250679330046F4A6 /* DemoVSeeUITests */,
				2E91D899250679310046F4A6 /* Products */,
			);
			sourceTree = "<group>";
		};
		2E91D899250679310046F4A6 /* Products */ = {
			isa = PBXGroup;
			children = (
				2E91D898250679310046F4A6 /* DemoVSee.app */,
				2E91D8AE250679330046F4A6 /* DemoVSeeTests.xctest */,
				2E91D8B9250679330046F4A6 /* DemoVSeeUITests.xctest */,
			);
			name = Products;
			sourceTree = "<group>";
		};
		2E91D89A250679310046F4A6 /* DemoVSee */ = {
			isa = PBXGroup;
			children = (
				2EC51BC525077EE600AE4345 /* Services */,
				2EC51BC425077ABC00AE4345 /* ViewModels */,
				2E9C0E0F2506894E0076AAD9 /* Helper */,
				2E91D8E2250683970046F4A6 /* Resources */,
				2E91D8E0250683640046F4A6 /* Views */,
				2E91D8DF250683410046F4A6 /* Models */,
				2E91D89B250679310046F4A6 /* AppDelegate.swift */,
				2E91D89D250679310046F4A6 /* SceneDelegate.swift */,
				2E91D8A4250679320046F4A6 /* Assets.xcassets */,
				2E91D8A6250679320046F4A6 /* LaunchScreen.storyboard */,
				2E91D8A9250679320046F4A6 /* Info.plist */,
			);
			path = DemoVSee;
			sourceTree = "<group>";
		};
		2E91D8B1250679330046F4A6 /* DemoVSeeTests */ = {
			isa = PBXGroup;
			children = (
				2E91D8B2250679330046F4A6 /* DemoVSeeTests.swift */,
				2E91D8B4250679330046F4A6 /* Info.plist */,
			);
			path = DemoVSeeTests;
			sourceTree = "<group>";
		};
		2E91D8BC250679330046F4A6 /* DemoVSeeUITests */ = {
			isa = PBXGroup;
			children = (
				2E91D8BD250679330046F4A6 /* DemoVSeeUITests.swift */,
				2E91D8BF250679330046F4A6 /* Info.plist */,
			);
			path = DemoVSeeUITests;
			sourceTree = "<group>";
		};
		2E91D8DF250683410046F4A6 /* Models */ = {
			isa = PBXGroup;
			children = (
				2E91D8D7250682180046F4A6 /* NewsResponseModel.swift */,
				2E91D8DD250682D20046F4A6 /* JSONSchemaSupport.swift */,
				2E91D8DB2506829E0046F4A6 /* Source.swift */,
				2E91D8D9250682650046F4A6 /* Article.swift */,
			);
			path = Models;
			sourceTree = "<group>";
		};
		2E91D8E0250683640046F4A6 /* Views */ = {
			isa = PBXGroup;
			children = (
				2E91D8E1250683830046F4A6 /* Cells */,
				2E91D8CB25067A7B0046F4A6 /* MasterViewController.swift */,
				2E91D8CF25067A930046F4A6 /* DetailViewController.swift */,
				2E9C0E122506F92A0076AAD9 /* MasterDetailViewController.swift */,
			);
			path = Views;
			sourceTree = "<group>";
		};
		2E91D8E1250683830046F4A6 /* Cells */ = {
			isa = PBXGroup;
			children = (
				2E91D8D325067F550046F4A6 /* NewsTableViewCell.swift */,
			);
			path = Cells;
			sourceTree = "<group>";
		};
		2E91D8E2250683970046F4A6 /* Resources */ = {
			isa = PBXGroup;
			children = (
				2E91D8A1250679310046F4A6 /* Main.storyboard */,
			);
			path = Resources;
			sourceTree = "<group>";
		};
		2E9C0E0F2506894E0076AAD9 /* Helper */ = {
			isa = PBXGroup;
			children = (
				2E9C0E102506895F0076AAD9 /* UIImage+Extension.swift */,
				2EC51BC22507602700AE4345 /* UIViewController+Extension.swift */,
				2EC51BC8250784A800AE4345 /* Reachability.swift */,
			);
			path = Helper;
			sourceTree = "<group>";
		};
		2EC51BC425077ABC00AE4345 /* ViewModels */ = {
			isa = PBXGroup;
			children = (
				2E5CB0CF2507CE5A0041F34A /* MasterViewModel.swift */,
				2E5CB0D32507D2EC0041F34A /* ArticleViewModel.swift */,
			);
			path = ViewModels;
			sourceTree = "<group>";
		};
		2EC51BC525077EE600AE4345 /* Services */ = {
			isa = PBXGroup;
			children = (
				2EC51BC625077EF200AE4345 /* Storage.swift */,
				2E5CB0D52507D85D0041F34A /* RestAPIService.swift */,
			);
			path = Services;
			sourceTree = "<group>";
		};
/* End PBXGroup section */

/* Begin PBXNativeTarget section */
		2E91D897250679310046F4A6 /* DemoVSee */ = {
			isa = PBXNativeTarget;
			buildConfigurationList = 2E91D8C2250679330046F4A6 /* Build configuration list for PBXNativeTarget "DemoVSee" */;
			buildPhases = (
				2E91D894250679310046F4A6 /* Sources */,
				2E91D895250679310046F4A6 /* Frameworks */,
				2E91D896250679310046F4A6 /* Resources */,
			);
			buildRules = (
			);
			dependencies = (
			);
			name = DemoVSee;
			productName = DemoVSee;
			productReference = 2E91D898250679310046F4A6 /* DemoVSee.app */;
			productType = "com.apple.product-type.application";
		};
		2E91D8AD250679330046F4A6 /* DemoVSeeTests */ = {
			isa = PBXNativeTarget;
			buildConfigurationList = 2E91D8C5250679330046F4A6 /* Build configuration list for PBXNativeTarget "DemoVSeeTests" */;
			buildPhases = (
				2E91D8AA250679330046F4A6 /* Sources */,
				2E91D8AB250679330046F4A6 /* Frameworks */,
				2E91D8AC250679330046F4A6 /* Resources */,
			);
			buildRules = (
			);
			dependencies = (
				2E91D8B0250679330046F4A6 /* PBXTargetDependency */,
			);
			name = DemoVSeeTests;
			productName = DemoVSeeTests;
			productReference = 2E91D8AE250679330046F4A6 /* DemoVSeeTests.xctest */;
			productType = "com.apple.product-type.bundle.unit-test";
		};
		2E91D8B8250679330046F4A6 /* DemoVSeeUITests */ = {
			isa = PBXNativeTarget;
			buildConfigurationList = 2E91D8C8250679330046F4A6 /* Build configuration list for PBXNativeTarget "DemoVSeeUITests" */;
			buildPhases = (
				2E91D8B5250679330046F4A6 /* Sources */,
				2E91D8B6250679330046F4A6 /* Frameworks */,
				2E91D8B7250679330046F4A6 /* Resources */,
			);
			buildRules = (
			);
			dependencies = (
				2E91D8BB250679330046F4A6 /* PBXTargetDependency */,
			);
			name = DemoVSeeUITests;
			productName = DemoVSeeUITests;
			productReference = 2E91D8B9250679330046F4A6 /* DemoVSeeUITests.xctest */;
			productType = "com.apple.product-type.bundle.ui-testing";
		};
/* End PBXNativeTarget section */

/* Begin PBXProject section */
		2E91D890250679310046F4A6 /* Project object */ = {
			isa = PBXProject;
			attributes = {
				LastSwiftUpdateCheck = 1200;
				LastUpgradeCheck = 1200;
				TargetAttributes = {
					2E91D897250679310046F4A6 = {
						CreatedOnToolsVersion = 12.0;
					};
					2E91D8AD250679330046F4A6 = {
						CreatedOnToolsVersion = 12.0;
						TestTargetID = 2E91D897250679310046F4A6;
					};
					2E91D8B8250679330046F4A6 = {
						CreatedOnToolsVersion = 12.0;
						TestTargetID = 2E91D897250679310046F4A6;
					};
				};
			};
			buildConfigurationList = 2E91D893250679310046F4A6 /* Build configuration list for PBXProject "DemoVSee" */;
			compatibilityVersion = "Xcode 9.3";
			developmentRegion = en;
			hasScannedForEncodings = 0;
			knownRegions = (
				en,
				Base,
			);
			mainGroup = 2E91D88F250679310046F4A6;
			productRefGroup = 2E91D899250679310046F4A6 /* Products */;
			projectDirPath = "";
			projectRoot = "";
			targets = (
				2E91D897250679310046F4A6 /* DemoVSee */,
				2E91D8AD250679330046F4A6 /* DemoVSeeTests */,
				2E91D8B8250679330046F4A6 /* DemoVSeeUITests */,
			);
		};
/* End PBXProject section */

/* Begin PBXResourcesBuildPhase section */
		2E91D896250679310046F4A6 /* Resources */ = {
			isa = PBXResourcesBuildPhase;
			buildActionMask = 2147483647;
			files = (
				2E91D8A8250679320046F4A6 /* LaunchScreen.storyboard in Resources */,
				2E91D8A5250679320046F4A6 /* Assets.xcassets in Resources */,
				2E91D8A3250679310046F4A6 /* Main.storyboard in Resources */,
			);
			runOnlyForDeploymentPostprocessing = 0;
		};
		2E91D8AC250679330046F4A6 /* Resources */ = {
			isa = PBXResourcesBuildPhase;
			buildActionMask = 2147483647;
			files = (
			);
			runOnlyForDeploymentPostprocessing = 0;
		};
		2E91D8B7250679330046F4A6 /* Resources */ = {
			isa = PBXResourcesBuildPhase;
			buildActionMask = 2147483647;
			files = (
			);
			runOnlyForDeploymentPostprocessing = 0;
		};
/* End PBXResourcesBuildPhase section */

/* Begin PBXSourcesBuildPhase section */
		2E91D894250679310046F4A6 /* Sources */ = {
			isa = PBXSourcesBuildPhase;
			buildActionMask = 2147483647;
			files = (
				2EC51BC9250784A800AE4345 /* Reachability.swift in Sources */,
				2EC51BC32507602700AE4345 /* UIViewController+Extension.swift in Sources */,
				2E91D8DE250682D20046F4A6 /* JSONSchemaSupport.swift in Sources */,
				2E91D8CD25067A7B0046F4A6 /* MasterViewController.swift in Sources */,
				2E9C0E132506F92A0076AAD9 /* MasterDetailViewController.swift in Sources */,
				2E91D8D425067F550046F4A6 /* NewsTableViewCell.swift in Sources */,
				2E91D8D125067A930046F4A6 /* DetailViewController.swift in Sources */,
				2E91D8DA250682650046F4A6 /* Article.swift in Sources */,
				2E91D8DC2506829E0046F4A6 /* Source.swift in Sources */,
				2E91D89C250679310046F4A6 /* AppDelegate.swift in Sources */,
				2E5CB0D42507D2EC0041F34A /* ArticleViewModel.swift in Sources */,
				2E5CB0D02507CE5A0041F34A /* MasterViewModel.swift in Sources */,
				2E5CB0D62507D85D0041F34A /* RestAPIService.swift in Sources */,
				2E91D8D8250682180046F4A6 /* NewsResponseModel.swift in Sources */,
				2E9C0E112506895F0076AAD9 /* UIImage+Extension.swift in Sources */,
				2E91D89E250679310046F4A6 /* SceneDelegate.swift in Sources */,
				2EC51BC725077EF200AE4345 /* Storage.swift in Sources */,
			);
			runOnlyForDeploymentPostprocessing = 0;
		};
		2E91D8AA250679330046F4A6 /* Sources */ = {
			isa = PBXSourcesBuildPhase;
			buildActionMask = 2147483647;
			files = (
				2E91D8B3250679330046F4A6 /* DemoVSeeTests.swift in Sources */,
			);
			runOnlyForDeploymentPostprocessing = 0;
		};
		2E91D8B5250679330046F4A6 /* Sources */ = {
			isa = PBXSourcesBuildPhase;
			buildActionMask = 2147483647;
			files = (
				2E91D8BE250679330046F4A6 /* DemoVSeeUITests.swift in Sources */,
			);
			runOnlyForDeploymentPostprocessing = 0;
		};
/* End PBXSourcesBuildPhase section */

/* Begin PBXTargetDependency section */
		2E91D8B0250679330046F4A6 /* PBXTargetDependency */ = {
			isa = PBXTargetDependency;
			target = 2E91D897250679310046F4A6 /* DemoVSee */;
			targetProxy = 2E91D8AF250679330046F4A6 /* PBXContainerItemProxy */;
		};
		2E91D8BB250679330046F4A6 /* PBXTargetDependency */ = {
			isa = PBXTargetDependency;
			target = 2E91D897250679310046F4A6 /* DemoVSee */;
			targetProxy = 2E91D8BA250679330046F4A6 /* PBXContainerItemProxy */;
		};
/* End PBXTargetDependency section */

/* Begin PBXVariantGroup section */
		2E91D8A1250679310046F4A6 /* Main.storyboard */ = {
			isa = PBXVariantGroup;
			children = (
				2E91D8A2250679310046F4A6 /* Base */,
			);
			name = Main.storyboard;
			sourceTree = "<group>";
		};
		2E91D8A6250679320046F4A6 /* LaunchScreen.storyboard */ = {
			isa = PBXVariantGroup;
			children = (
				2E91D8A7250679320046F4A6 /* Base */,
			);
			name = LaunchScreen.storyboard;
			sourceTree = "<group>";
		};
/* End PBXVariantGroup section */

/* Begin XCBuildConfiguration section */
		2E91D8C0250679330046F4A6 /* Debug */ = {
			isa = XCBuildConfiguration;
			buildSettings = {
				ALWAYS_SEARCH_USER_PATHS = NO;
				CLANG_ANALYZER_NONNULL = YES;
				CLANG_ANALYZER_NUMBER_OBJECT_CONVERSION = YES_AGGRESSIVE;
				CLANG_CXX_LANGUAGE_STANDARD = "gnu++14";
				CLANG_CXX_LIBRARY = "libc++";
				CLANG_ENABLE_MODULES = YES;
				CLANG_ENABLE_OBJC_ARC = YES;
				CLANG_ENABLE_OBJC_WEAK = YES;
				CLANG_WARN_BLOCK_CAPTURE_AUTORELEASING = YES;
				CLANG_WARN_BOOL_CONVERSION = YES;
				CLANG_WARN_COMMA = YES;
				CLANG_WARN_CONSTANT_CONVERSION = YES;
				CLANG_WARN_DEPRECATED_OBJC_IMPLEMENTATIONS = YES;
				CLANG_WARN_DIRECT_OBJC_ISA_USAGE = YES_ERROR;
				CLANG_WARN_DOCUMENTATION_COMMENTS = YES;
				CLANG_WARN_EMPTY_BODY = YES;
				CLANG_WARN_ENUM_CONVERSION = YES;
				CLANG_WARN_INFINITE_RECURSION = YES;
				CLANG_WARN_INT_CONVERSION = YES;
				CLANG_WARN_NON_LITERAL_NULL_CONVERSION = YES;
				CLANG_WARN_OBJC_IMPLICIT_RETAIN_SELF = YES;
				CLANG_WARN_OBJC_LITERAL_CONVERSION = YES;
				CLANG_WARN_OBJC_ROOT_CLASS = YES_ERROR;
				CLANG_WARN_QUOTED_INCLUDE_IN_FRAMEWORK_HEADER = YES;
				CLANG_WARN_RANGE_LOOP_ANALYSIS = YES;
				CLANG_WARN_STRICT_PROTOTYPES = YES;
				CLANG_WARN_SUSPICIOUS_MOVE = YES;
				CLANG_WARN_UNGUARDED_AVAILABILITY = YES_AGGRESSIVE;
				CLANG_WARN_UNREACHABLE_CODE = YES;
				CLANG_WARN__DUPLICATE_METHOD_MATCH = YES;
				COPY_PHASE_STRIP = NO;
				DEBUG_INFORMATION_FORMAT = dwarf;
				ENABLE_STRICT_OBJC_MSGSEND = YES;
				ENABLE_TESTABILITY = YES;
				GCC_C_LANGUAGE_STANDARD = gnu11;
				GCC_DYNAMIC_NO_PIC = NO;
				GCC_NO_COMMON_BLOCKS = YES;
				GCC_OPTIMIZATION_LEVEL = 0;
				GCC_PREPROCESSOR_DEFINITIONS = (
					"DEBUG=1",
					"$(inherited)",
				);
				GCC_WARN_64_TO_32_BIT_CONVERSION = YES;
				GCC_WARN_ABOUT_RETURN_TYPE = YES_ERROR;
				GCC_WARN_UNDECLARED_SELECTOR = YES;
				GCC_WARN_UNINITIALIZED_AUTOS = YES_AGGRESSIVE;
				GCC_WARN_UNUSED_FUNCTION = YES;
				GCC_WARN_UNUSED_VARIABLE = YES;
				IPHONEOS_DEPLOYMENT_TARGET = 14.0;
				MTL_ENABLE_DEBUG_INFO = INCLUDE_SOURCE;
				MTL_FAST_MATH = YES;
				ONLY_ACTIVE_ARCH = YES;
				SDKROOT = iphoneos;
				SWIFT_ACTIVE_COMPILATION_CONDITIONS = DEBUG;
				SWIFT_OPTIMIZATION_LEVEL = "-Onone";
			};
			name = Debug;
		};
		2E91D8C1250679330046F4A6 /* Release */ = {
			isa = XCBuildConfiguration;
			buildSettings = {
				ALWAYS_SEARCH_USER_PATHS = NO;
				CLANG_ANALYZER_NONNULL = YES;
				CLANG_ANALYZER_NUMBER_OBJECT_CONVERSION = YES_AGGRESSIVE;
				CLANG_CXX_LANGUAGE_STANDARD = "gnu++14";
				CLANG_CXX_LIBRARY = "libc++";
				CLANG_ENABLE_MODULES = YES;
				CLANG_ENABLE_OBJC_ARC = YES;
				CLANG_ENABLE_OBJC_WEAK = YES;
				CLANG_WARN_BLOCK_CAPTURE_AUTORELEASING = YES;
				CLANG_WARN_BOOL_CONVERSION = YES;
				CLANG_WARN_COMMA = YES;
				CLANG_WARN_CONSTANT_CONVERSION = YES;
				CLANG_WARN_DEPRECATED_OBJC_IMPLEMENTATIONS = YES;
				CLANG_WARN_DIRECT_OBJC_ISA_USAGE = YES_ERROR;
				CLANG_WARN_DOCUMENTATION_COMMENTS = YES;
				CLANG_WARN_EMPTY_BODY = YES;
				CLANG_WARN_ENUM_CONVERSION = YES;
				CLANG_WARN_INFINITE_RECURSION = YES;
				CLANG_WARN_INT_CONVERSION = YES;
				CLANG_WARN_NON_LITERAL_NULL_CONVERSION = YES;
				CLANG_WARN_OBJC_IMPLICIT_RETAIN_SELF = YES;
				CLANG_WARN_OBJC_LITERAL_CONVERSION = YES;
				CLANG_WARN_OBJC_ROOT_CLASS = YES_ERROR;
				CLANG_WARN_QUOTED_INCLUDE_IN_FRAMEWORK_HEADER = YES;
				CLANG_WARN_RANGE_LOOP_ANALYSIS = YES;
				CLANG_WARN_STRICT_PROTOTYPES = YES;
				CLANG_WARN_SUSPICIOUS_MOVE = YES;
				CLANG_WARN_UNGUARDED_AVAILABILITY = YES_AGGRESSIVE;
				CLANG_WARN_UNREACHABLE_CODE = YES;
				CLANG_WARN__DUPLICATE_METHOD_MATCH = YES;
				COPY_PHASE_STRIP = NO;
				DEBUG_INFORMATION_FORMAT = "dwarf-with-dsym";
				ENABLE_NS_ASSERTIONS = NO;
				ENABLE_STRICT_OBJC_MSGSEND = YES;
				GCC_C_LANGUAGE_STANDARD = gnu11;
				GCC_NO_COMMON_BLOCKS = YES;
				GCC_WARN_64_TO_32_BIT_CONVERSION = YES;
				GCC_WARN_ABOUT_RETURN_TYPE = YES_ERROR;
				GCC_WARN_UNDECLARED_SELECTOR = YES;
				GCC_WARN_UNINITIALIZED_AUTOS = YES_AGGRESSIVE;
				GCC_WARN_UNUSED_FUNCTION = YES;
				GCC_WARN_UNUSED_VARIABLE = YES;
				IPHONEOS_DEPLOYMENT_TARGET = 14.0;
				MTL_ENABLE_DEBUG_INFO = NO;
				MTL_FAST_MATH = YES;
				SDKROOT = iphoneos;
				SWIFT_COMPILATION_MODE = wholemodule;
				SWIFT_OPTIMIZATION_LEVEL = "-O";
				VALIDATE_PRODUCT = YES;
			};
			name = Release;
		};
		2E91D8C3250679330046F4A6 /* Debug */ = {
			isa = XCBuildConfiguration;
			buildSettings = {
				ASSETCATALOG_COMPILER_APPICON_NAME = AppIcon;
				ASSETCATALOG_COMPILER_GLOBAL_ACCENT_COLOR_NAME = AccentColor;
				CODE_SIGN_STYLE = Automatic;
				DEVELOPMENT_TEAM = LKCWWBNYH3;
				INFOPLIST_FILE = DemoVSee/Info.plist;
				LD_RUNPATH_SEARCH_PATHS = (
					"$(inherited)",
					"@executable_path/Frameworks",
				);
				PRODUCT_BUNDLE_IDENTIFIER = com.ahdenglish.DemoVSee;
				PRODUCT_NAME = "$(TARGET_NAME)";
				SWIFT_VERSION = 5.0;
				TARGETED_DEVICE_FAMILY = "1,2";
			};
			name = Debug;
		};
		2E91D8C4250679330046F4A6 /* Release */ = {
			isa = XCBuildConfiguration;
			buildSettings = {
				ASSETCATALOG_COMPILER_APPICON_NAME = AppIcon;
				ASSETCATALOG_COMPILER_GLOBAL_ACCENT_COLOR_NAME = AccentColor;
				CODE_SIGN_STYLE = Automatic;
				DEVELOPMENT_TEAM = LKCWWBNYH3;
				INFOPLIST_FILE = DemoVSee/Info.plist;
				LD_RUNPATH_SEARCH_PATHS = (
					"$(inherited)",
					"@executable_path/Frameworks",
				);
				PRODUCT_BUNDLE_IDENTIFIER = com.ahdenglish.DemoVSee;
				PRODUCT_NAME = "$(TARGET_NAME)";
				SWIFT_VERSION = 5.0;
				TARGETED_DEVICE_FAMILY = "1,2";
			};
			name = Release;
		};
		2E91D8C6250679330046F4A6 /* Debug */ = {
			isa = XCBuildConfiguration;
			buildSettings = {
				ALWAYS_EMBED_SWIFT_STANDARD_LIBRARIES = YES;
				BUNDLE_LOADER = "$(TEST_HOST)";
				CODE_SIGN_STYLE = Automatic;
				DEVELOPMENT_TEAM = LKCWWBNYH3;
				INFOPLIST_FILE = DemoVSeeTests/Info.plist;
				IPHONEOS_DEPLOYMENT_TARGET = 14.0;
				LD_RUNPATH_SEARCH_PATHS = (
					"$(inherited)",
					"@executable_path/Frameworks",
					"@loader_path/Frameworks",
				);
				PRODUCT_BUNDLE_IDENTIFIER = com.ahdenglish.DemoVSeeTests;
				PRODUCT_NAME = "$(TARGET_NAME)";
				SWIFT_VERSION = 5.0;
				TARGETED_DEVICE_FAMILY = "1,2";
				TEST_HOST = "$(BUILT_PRODUCTS_DIR)/DemoVSee.app/DemoVSee";
			};
			name = Debug;
		};
		2E91D8C7250679330046F4A6 /* Release */ = {
			isa = XCBuildConfiguration;
			buildSettings = {
				ALWAYS_EMBED_SWIFT_STANDARD_LIBRARIES = YES;
				BUNDLE_LOADER = "$(TEST_HOST)";
				CODE_SIGN_STYLE = Automatic;
				DEVELOPMENT_TEAM = LKCWWBNYH3;
				INFOPLIST_FILE = DemoVSeeTests/Info.plist;
				IPHONEOS_DEPLOYMENT_TARGET = 14.0;
				LD_RUNPATH_SEARCH_PATHS = (
					"$(inherited)",
					"@executable_path/Frameworks",
					"@loader_path/Frameworks",
				);
				PRODUCT_BUNDLE_IDENTIFIER = com.ahdenglish.DemoVSeeTests;
				PRODUCT_NAME = "$(TARGET_NAME)";
				SWIFT_VERSION = 5.0;
				TARGETED_DEVICE_FAMILY = "1,2";
				TEST_HOST = "$(BUILT_PRODUCTS_DIR)/DemoVSee.app/DemoVSee";
			};
			name = Release;
		};
		2E91D8C9250679330046F4A6 /* Debug */ = {
			isa = XCBuildConfiguration;
			buildSettings = {
				ALWAYS_EMBED_SWIFT_STANDARD_LIBRARIES = YES;
				CODE_SIGN_STYLE = Automatic;
				DEVELOPMENT_TEAM = LKCWWBNYH3;
				INFOPLIST_FILE = DemoVSeeUITests/Info.plist;
				LD_RUNPATH_SEARCH_PATHS = (
					"$(inherited)",
					"@executable_path/Frameworks",
					"@loader_path/Frameworks",
				);
				PRODUCT_BUNDLE_IDENTIFIER = com.ahdenglish.DemoVSeeUITests;
				PRODUCT_NAME = "$(TARGET_NAME)";
				SWIFT_VERSION = 5.0;
				TARGETED_DEVICE_FAMILY = "1,2";
				TEST_TARGET_NAME = DemoVSee;
			};
			name = Debug;
		};
		2E91D8CA250679330046F4A6 /* Release */ = {
			isa = XCBuildConfiguration;
			buildSettings = {
				ALWAYS_EMBED_SWIFT_STANDARD_LIBRARIES = YES;
				CODE_SIGN_STYLE = Automatic;
				DEVELOPMENT_TEAM = LKCWWBNYH3;
				INFOPLIST_FILE = DemoVSeeUITests/Info.plist;
				LD_RUNPATH_SEARCH_PATHS = (
					"$(inherited)",
					"@executable_path/Frameworks",
					"@loader_path/Frameworks",
				);
				PRODUCT_BUNDLE_IDENTIFIER = com.ahdenglish.DemoVSeeUITests;
				PRODUCT_NAME = "$(TARGET_NAME)";
				SWIFT_VERSION = 5.0;
				TARGETED_DEVICE_FAMILY = "1,2";
				TEST_TARGET_NAME = DemoVSee;
			};
			name = Release;
		};
/* End XCBuildConfiguration section */

/* Begin XCConfigurationList section */
		2E91D893250679310046F4A6 /* Build configuration list for PBXProject "DemoVSee" */ = {
			isa = XCConfigurationList;
			buildConfigurations = (
				2E91D8C0250679330046F4A6 /* Debug */,
				2E91D8C1250679330046F4A6 /* Release */,
			);
			defaultConfigurationIsVisible = 0;
			defaultConfigurationName = Release;
		};
		2E91D8C2250679330046F4A6 /* Build configuration list for PBXNativeTarget "DemoVSee" */ = {
			isa = XCConfigurationList;
			buildConfigurations = (
				2E91D8C3250679330046F4A6 /* Debug */,
				2E91D8C4250679330046F4A6 /* Release */,
			);
			defaultConfigurationIsVisible = 0;
			defaultConfigurationName = Release;
		};
		2E91D8C5250679330046F4A6 /* Build configuration list for PBXNativeTarget "DemoVSeeTests" */ = {
			isa = XCConfigurationList;
			buildConfigurations = (
				2E91D8C6250679330046F4A6 /* Debug */,
				2E91D8C7250679330046F4A6 /* Release */,
			);
			defaultConfigurationIsVisible = 0;
			defaultConfigurationName = Release;
		};
		2E91D8C8250679330046F4A6 /* Build configuration list for PBXNativeTarget "DemoVSeeUITests" */ = {
			isa = XCConfigurationList;
			buildConfigurations = (
				2E91D8C9250679330046F4A6 /* Debug */,
				2E91D8CA250679330046F4A6 /* Release */,
			);
			defaultConfigurationIsVisible = 0;
			defaultConfigurationName = Release;
		};
/* End XCConfigurationList section */
	};
	rootObject = 2E91D890250679310046F4A6 /* Project object */;
}
